
Microsoft Visual Studio Solution File, Format Version 12.00
# Visual Studio 14
VisualStudioVersion = 14.0.25123.0
MinimumVisualStudioVersion = 10.0.40219.1
Project("{FAE04EC0-301F-11D3-BF4B-00C04F79EFBC}") = "TheReel.Droid", "TheReel\TheReel.Droid\TheReel.Droid.csproj", "{44D2DA0A-B588-497B-B172-743ED8968C0A}"
EndProject
Project("{FAE04EC0-301F-11D3-BF4B-00C04F79EFBC}") = "TheReel.iOS", "TheReel\TheReel.iOS\TheReel.iOS.csproj", "{70030388-436C-4FCB-A6C7-9327B5A9AD71}"
EndProject
Project("{FAE04EC0-301F-11D3-BF4B-00C04F79EFBC}") = "TheReel.WinPhone", "TheReel\TheReel.WinPhone\TheReel.WinPhone.csproj", "{E4D73679-8E85-422B-AC76-AAC74DD21E89}"
EndProject
Project("{FAE04EC0-301F-11D3-BF4B-00C04F79EFBC}") = "TheReel.UWP", "TheReel\TheReel.UWP\TheReel.UWP.csproj", "{3AE2BCFD-2841-41F2-8ECE-707C4228F9EB}"
EndProject
Project("{FAE04EC0-301F-11D3-BF4B-00C04F79EFBC}") = "TheReel.Windows", "TheReel\TheReel.Windows\TheReel.Windows.csproj", "{3D719B68-EB67-468F-9E37-3586469AB96F}"
EndProject
Project("{FAE04EC0-301F-11D3-BF4B-00C04F79EFBC}") = "TheReel", "TheReel\TheReel\TheReel.csproj", "{F751D9CD-326D-44BC-A0D4-FB0D9F76A2D4}"
EndProject
Global
	GlobalSection(SolutionConfigurationPlatforms) = preSolution
		Ad-Hoc|Any CPU = Ad-Hoc|Any CPU
		Ad-Hoc|ARM = Ad-Hoc|ARM
		Ad-Hoc|iPhone = Ad-Hoc|iPhone
		Ad-Hoc|iPhoneSimulator = Ad-Hoc|iPhoneSimulator
		Ad-Hoc|x64 = Ad-Hoc|x64
		Ad-Hoc|x86 = Ad-Hoc|x86
		AppStore|Any CPU = AppStore|Any CPU
		AppStore|ARM = AppStore|ARM
		AppStore|iPhone = AppStore|iPhone
		AppStore|iPhoneSimulator = AppStore|iPhoneSimulator
		AppStore|x64 = AppStore|x64
		AppStore|x86 = AppStore|x86
		Debug|Any CPU = Debug|Any CPU
		Debug|ARM = Debug|ARM
		Debug|iPhone = Debug|iPhone
		Debug|iPhoneSimulator = Debug|iPhoneSimulator
		Debug|x64 = Debug|x64
		Debug|x86 = Debug|x86
		Release|Any CPU = Release|Any CPU
		Release|ARM = Release|ARM
		Release|iPhone = Release|iPhone
		Release|iPhoneSimulator = Release|iPhoneSimulator
		Release|x64 = Release|x64
		Release|x86 = Release|x86
	EndGlobalSection
	GlobalSection(ProjectConfigurationPlatforms) = postSolution
		{44D2DA0A-B588-497B-B172-743ED8968C0A}.Ad-Hoc|Any CPU.ActiveCfg = Release|Any CPU
		{44D2DA0A-B588-497B-B172-743ED8968C0A}.Ad-Hoc|Any CPU.Build.0 = Release|Any CPU
		{44D2DA0A-B588-497B-B172-743ED8968C0A}.Ad-Hoc|Any CPU.Deploy.0 = Release|Any CPU
		{44D2DA0A-B588-497B-B172-743ED8968C0A}.Ad-Hoc|ARM.ActiveCfg = Release|Any CPU
		{44D2DA0A-B588-497B-B172-743ED8968C0A}.Ad-Hoc|ARM.Build.0 = Release|Any CPU
		{44D2DA0A-B588-497B-B172-743ED8968C0A}.Ad-Hoc|ARM.Deploy.0 = Release|Any CPU
		{44D2DA0A-B588-497B-B172-743ED8968C0A}.Ad-Hoc|iPhone.ActiveCfg = Release|Any CPU
		{44D2DA0A-B588-497B-B172-743ED8968C0A}.Ad-Hoc|iPhone.Build.0 = Release|Any CPU
		{44D2DA0A-B588-497B-B172-743ED8968C0A}.Ad-Hoc|iPhone.Deploy.0 = Release|Any CPU
		{44D2DA0A-B588-497B-B172-743ED8968C0A}.Ad-Hoc|iPhoneSimulator.ActiveCfg = Release|Any CPU
		{44D2DA0A-B588-497B-B172-743ED8968C0A}.Ad-Hoc|iPhoneSimulator.Build.0 = Release|Any CPU
		{44D2DA0A-B588-497B-B172-743ED8968C0A}.Ad-Hoc|iPhoneSimulator.Deploy.0 = Release|Any CPU
		{44D2DA0A-B588-497B-B172-743ED8968C0A}.Ad-Hoc|x64.ActiveCfg = Release|Any CPU
		{44D2DA0A-B588-497B-B172-743ED8968C0A}.Ad-Hoc|x64.Build.0 = Release|Any CPU
		{44D2DA0A-B588-497B-B172-743ED8968C0A}.Ad-Hoc|x64.Deploy.0 = Release|Any CPU
		{44D2DA0A-B588-497B-B172-743ED8968C0A}.Ad-Hoc|x86.ActiveCfg = Release|Any CPU
		{44D2DA0A-B588-497B-B172-743ED8968C0A}.Ad-Hoc|x86.Build.0 = Release|Any CPU
		{44D2DA0A-B588-497B-B172-743ED8968C0A}.Ad-Hoc|x86.Deploy.0 = Release|Any CPU
		{44D2DA0A-B588-497B-B172-743ED8968C0A}.AppStore|Any CPU.ActiveCfg = Release|Any CPU
		{44D2DA0A-B588-497B-B172-743ED8968C0A}.AppStore|Any CPU.Build.0 = Release|Any CPU
		{44D2DA0A-B588-497B-B172-743ED8968C0A}.AppStore|Any CPU.Deploy.0 = Release|Any CPU
		{44D2DA0A-B588-497B-B172-743ED8968C0A}.AppStore|ARM.ActiveCfg = Release|Any CPU
		{44D2DA0A-B588-497B-B172-743ED8968C0A}.AppStore|ARM.Build.0 = Release|Any CPU
		{44D2DA0A-B588-497B-B172-743ED8968C0A}.AppStore|ARM.Deploy.0 = Release|Any CPU
		{44D2DA0A-B588-497B-B172-743ED8968C0A}.AppStore|iPhone.ActiveCfg = Release|Any CPU
		{44D2DA0A-B588-497B-B172-743ED8968C0A}.AppStore|iPhone.Build.0 = Release|Any CPU
		{44D2DA0A-B588-497B-B172-743ED8968C0A}.AppStore|iPhone.Deploy.0 = Release|Any CPU
		{44D2DA0A-B588-497B-B172-743ED8968C0A}.AppStore|iPhoneSimulator.ActiveCfg = Release|Any CPU
		{44D2DA0A-B588-497B-B172-743ED8968C0A}.AppStore|iPhoneSimulator.Build.0 = Release|Any CPU
		{44D2DA0A-B588-497B-B172-743ED8968C0A}.AppStore|iPhoneSimulator.Deploy.0 = Release|Any CPU
		{44D2DA0A-B588-497B-B172-743ED8968C0A}.AppStore|x64.ActiveCfg = Release|Any CPU
		{44D2DA0A-B588-497B-B172-743ED8968C0A}.AppStore|x64.Build.0 = Release|Any CPU
		{44D2DA0A-B588-497B-B172-743ED8968C0A}.AppStore|x64.Deploy.0 = Release|Any CPU
		{44D2DA0A-B588-497B-B172-743ED8968C0A}.AppStore|x86.ActiveCfg = Release|Any CPU
		{44D2DA0A-B588-497B-B172-743ED8968C0A}.AppStore|x86.Build.0 = Release|Any CPU
		{44D2DA0A-B588-497B-B172-743ED8968C0A}.AppStore|x86.Deploy.0 = Release|Any CPU
		{44D2DA0A-B588-497B-B172-743ED8968C0A}.Debug|Any CPU.ActiveCfg = Debug|Any CPU
		{44D2DA0A-B588-497B-B172-743ED8968C0A}.Debug|Any CPU.Build.0 = Debug|Any CPU
		{44D2DA0A-B588-497B-B172-743ED8968C0A}.Debug|Any CPU.Deploy.0 = Debug|Any CPU
		{44D2DA0A-B588-497B-B172-743ED8968C0A}.Debug|ARM.ActiveCfg = Debug|Any CPU
		{44D2DA0A-B588-497B-B172-743ED8968C0A}.Debug|ARM.Build.0 = Debug|Any CPU
		{44D2DA0A-B588-497B-B172-743ED8968C0A}.Debug|ARM.Deploy.0 = Debug|Any CPU
		{44D2DA0A-B588-497B-B172-743ED8968C0A}.Debug|iPhone.ActiveCfg = Debug|Any CPU
		{44D2DA0A-B588-497B-B172-743ED8968C0A}.Debug|iPhone.Build.0 = Debug|Any CPU
		{44D2DA0A-B588-497B-B172-743ED8968C0A}.Debug|iPhone.Deploy.0 = Debug|Any CPU
		{44D2DA0A-B588-497B-B172-743ED8968C0A}.Debug|iPhoneSimulator.ActiveCfg = Debug|Any CPU
		{44D2DA0A-B588-497B-B172-743ED8968C0A}.Debug|iPhoneSimulator.Build.0 = Debug|Any CPU
		{44D2DA0A-B588-497B-B172-743ED8968C0A}.Debug|iPhoneSimulator.Deploy.0 = Debug|Any CPU
		{44D2DA0A-B588-497B-B172-743ED8968C0A}.Debug|x64.ActiveCfg = Debug|Any CPU
		{44D2DA0A-B588-497B-B172-743ED8968C0A}.Debug|x64.Build.0 = Debug|Any CPU
		{44D2DA0A-B588-497B-B172-743ED8968C0A}.Debug|x64.Deploy.0 = Debug|Any CPU
		{44D2DA0A-B588-497B-B172-743ED8968C0A}.Debug|x86.ActiveCfg = Debug|Any CPU
		{44D2DA0A-B588-497B-B172-743ED8968C0A}.Debug|x86.Build.0 = Debug|Any CPU
		{44D2DA0A-B588-497B-B172-743ED8968C0A}.Debug|x86.Deploy.0 = Debug|Any CPU
		{44D2DA0A-B588-497B-B172-743ED8968C0A}.Release|Any CPU.ActiveCfg = Release|Any CPU
		{44D2DA0A-B588-497B-B172-743ED8968C0A}.Release|Any CPU.Build.0 = Release|Any CPU
		{44D2DA0A-B588-497B-B172-743ED8968C0A}.Release|Any CPU.Deploy.0 = Release|Any CPU
		{44D2DA0A-B588-497B-B172-743ED8968C0A}.Release|ARM.ActiveCfg = Release|Any CPU
		{44D2DA0A-B588-497B-B172-743ED8968C0A}.Release|ARM.Build.0 = Release|Any CPU
		{44D2DA0A-B588-497B-B172-743ED8968C0A}.Release|ARM.Deploy.0 = Release|Any CPU
		{44D2DA0A-B588-497B-B172-743ED8968C0A}.Release|iPhone.ActiveCfg = Release|Any CPU
		{44D2DA0A-B588-497B-B172-743ED8968C0A}.Release|iPhone.Build.0 = Release|Any CPU
		{44D2DA0A-B588-497B-B172-743ED8968C0A}.Release|iPhone.Deploy.0 = Release|Any CPU
		{44D2DA0A-B588-497B-B172-743ED8968C0A}.Release|iPhoneSimulator.ActiveCfg = Release|Any CPU
		{44D2DA0A-B588-497B-B172-743ED8968C0A}.Release|iPhoneSimulator.Build.0 = Release|Any CPU
		{44D2DA0A-B588-497B-B172-743ED8968C0A}.Release|iPhoneSimulator.Deploy.0 = Release|Any CPU
		{44D2DA0A-B588-497B-B172-743ED8968C0A}.Release|x64.ActiveCfg = Release|Any CPU
		{44D2DA0A-B588-497B-B172-743ED8968C0A}.Release|x64.Build.0 = Release|Any CPU
		{44D2DA0A-B588-497B-B172-743ED8968C0A}.Release|x64.Deploy.0 = Release|Any CPU
		{44D2DA0A-B588-497B-B172-743ED8968C0A}.Release|x86.ActiveCfg = Release|Any CPU
		{44D2DA0A-B588-497B-B172-743ED8968C0A}.Release|x86.Build.0 = Release|Any CPU
		{44D2DA0A-B588-497B-B172-743ED8968C0A}.Release|x86.Deploy.0 = Release|Any CPU
		{70030388-436C-4FCB-A6C7-9327B5A9AD71}.Ad-Hoc|Any CPU.ActiveCfg = Ad-Hoc|iPhone
		{70030388-436C-4FCB-A6C7-9327B5A9AD71}.Ad-Hoc|ARM.ActiveCfg = Ad-Hoc|iPhone
		{70030388-436C-4FCB-A6C7-9327B5A9AD71}.Ad-Hoc|iPhone.ActiveCfg = Ad-Hoc|iPhone
		{70030388-436C-4FCB-A6C7-9327B5A9AD71}.Ad-Hoc|iPhone.Build.0 = Ad-Hoc|iPhone
		{70030388-436C-4FCB-A6C7-9327B5A9AD71}.Ad-Hoc|iPhoneSimulator.ActiveCfg = Ad-Hoc|iPhoneSimulator
		{70030388-436C-4FCB-A6C7-9327B5A9AD71}.Ad-Hoc|iPhoneSimulator.Build.0 = Ad-Hoc|iPhoneSimulator
		{70030388-436C-4FCB-A6C7-9327B5A9AD71}.Ad-Hoc|x64.ActiveCfg = Ad-Hoc|iPhone
		{70030388-436C-4FCB-A6C7-9327B5A9AD71}.Ad-Hoc|x86.ActiveCfg = Ad-Hoc|iPhone
		{70030388-436C-4FCB-A6C7-9327B5A9AD71}.AppStore|Any CPU.ActiveCfg = AppStore|iPhone
		{70030388-436C-4FCB-A6C7-9327B5A9AD71}.AppStore|ARM.ActiveCfg = AppStore|iPhone
		{70030388-436C-4FCB-A6C7-9327B5A9AD71}.AppStore|iPhone.ActiveCfg = AppStore|iPhone
		{70030388-436C-4FCB-A6C7-9327B5A9AD71}.AppStore|iPhone.Build.0 = AppStore|iPhone
		{70030388-436C-4FCB-A6C7-9327B5A9AD71}.AppStore|iPhoneSimulator.ActiveCfg = AppStore|iPhoneSimulator
		{70030388-436C-4FCB-A6C7-9327B5A9AD71}.AppStore|iPhoneSimulator.Build.0 = AppStore|iPhoneSimulator
		{70030388-436C-4FCB-A6C7-9327B5A9AD71}.AppStore|x64.ActiveCfg = AppStore|iPhone
		{70030388-436C-4FCB-A6C7-9327B5A9AD71}.AppStore|x86.ActiveCfg = AppStore|iPhone
		{70030388-436C-4FCB-A6C7-9327B5A9AD71}.Debug|Any CPU.ActiveCfg = Debug|iPhone
		{70030388-436C-4FCB-A6C7-9327B5A9AD71}.Debug|ARM.ActiveCfg = Debug|iPhone
		{70030388-436C-4FCB-A6C7-9327B5A9AD71}.Debug|iPhone.ActiveCfg = Debug|iPhone
		{70030388-436C-4FCB-A6C7-9327B5A9AD71}.Debug|iPhone.Build.0 = Debug|iPhone
		{70030388-436C-4FCB-A6C7-9327B5A9AD71}.Debug|iPhoneSimulator.ActiveCfg = Debug|iPhoneSimulator
		{70030388-436C-4FCB-A6C7-9327B5A9AD71}.Debug|iPhoneSimulator.Build.0 = Debug|iPhoneSimulator
		{70030388-436C-4FCB-A6C7-9327B5A9AD71}.Debug|x64.ActiveCfg = Debug|iPhone
		{70030388-436C-4FCB-A6C7-9327B5A9AD71}.Debug|x86.ActiveCfg = Debug|iPhone
		{70030388-436C-4FCB-A6C7-9327B5A9AD71}.Release|Any CPU.ActiveCfg = Release|iPhone
		{70030388-436C-4FCB-A6C7-9327B5A9AD71}.Release|ARM.ActiveCfg = Release|iPhone
		{70030388-436C-4FCB-A6C7-9327B5A9AD71}.Release|iPhone.ActiveCfg = Release|iPhone
		{70030388-436C-4FCB-A6C7-9327B5A9AD71}.Release|iPhone.Build.0 = Release|iPhone
		{70030388-436C-4FCB-A6C7-9327B5A9AD71}.Release|iPhoneSimulator.ActiveCfg = Release|iPhoneSimulator
		{70030388-436C-4FCB-A6C7-9327B5A9AD71}.Release|iPhoneSimulator.Build.0 = Release|iPhoneSimulator
		{70030388-436C-4FCB-A6C7-9327B5A9AD71}.Release|x64.ActiveCfg = Release|iPhone
		{70030388-436C-4FCB-A6C7-9327B5A9AD71}.Release|x86.ActiveCfg = Release|iPhone
		{E4D73679-8E85-422B-AC76-AAC74DD21E89}.Ad-Hoc|Any CPU.ActiveCfg = Release|Any CPU
		{E4D73679-8E85-422B-AC76-AAC74DD21E89}.Ad-Hoc|Any CPU.Build.0 = Release|Any CPU
		{E4D73679-8E85-422B-AC76-AAC74DD21E89}.Ad-Hoc|Any CPU.Deploy.0 = Release|Any CPU
		{E4D73679-8E85-422B-AC76-AAC74DD21E89}.Ad-Hoc|ARM.ActiveCfg = Release|ARM
		{E4D73679-8E85-422B-AC76-AAC74DD21E89}.Ad-Hoc|ARM.Build.0 = Release|ARM
		{E4D73679-8E85-422B-AC76-AAC74DD21E89}.Ad-Hoc|ARM.Deploy.0 = Release|ARM
		{E4D73679-8E85-422B-AC76-AAC74DD21E89}.Ad-Hoc|iPhone.ActiveCfg = Release|Any CPU
		{E4D73679-8E85-422B-AC76-AAC74DD21E89}.Ad-Hoc|iPhone.Build.0 = Release|Any CPU
		{E4D73679-8E85-422B-AC76-AAC74DD21E89}.Ad-Hoc|iPhone.Deploy.0 = Release|Any CPU
		{E4D73679-8E85-422B-AC76-AAC74DD21E89}.Ad-Hoc|iPhoneSimulator.ActiveCfg = Release|Any CPU
		{E4D73679-8E85-422B-AC76-AAC74DD21E89}.Ad-Hoc|iPhoneSimulator.Build.0 = Release|Any CPU
		{E4D73679-8E85-422B-AC76-AAC74DD21E89}.Ad-Hoc|iPhoneSimulator.Deploy.0 = Release|Any CPU
		{E4D73679-8E85-422B-AC76-AAC74DD21E89}.Ad-Hoc|x64.ActiveCfg = Release|Any CPU
		{E4D73679-8E85-422B-AC76-AAC74DD21E89}.Ad-Hoc|x64.Build.0 = Release|Any CPU
		{E4D73679-8E85-422B-AC76-AAC74DD21E89}.Ad-Hoc|x64.Deploy.0 = Release|Any CPU
		{E4D73679-8E85-422B-AC76-AAC74DD21E89}.Ad-Hoc|x86.ActiveCfg = Release|x86
		{E4D73679-8E85-422B-AC76-AAC74DD21E89}.Ad-Hoc|x86.Build.0 = Release|x86
		{E4D73679-8E85-422B-AC76-AAC74DD21E89}.Ad-Hoc|x86.Deploy.0 = Release|x86
		{E4D73679-8E85-422B-AC76-AAC74DD21E89}.AppStore|Any CPU.ActiveCfg = Release|Any CPU
		{E4D73679-8E85-422B-AC76-AAC74DD21E89}.AppStore|Any CPU.Build.0 = Release|Any CPU
		{E4D73679-8E85-422B-AC76-AAC74DD21E89}.AppStore|Any CPU.Deploy.0 = Release|Any CPU
		{E4D73679-8E85-422B-AC76-AAC74DD21E89}.AppStore|ARM.ActiveCfg = Release|ARM
		{E4D73679-8E85-422B-AC76-AAC74DD21E89}.AppStore|ARM.Build.0 = Release|ARM
		{E4D73679-8E85-422B-AC76-AAC74DD21E89}.AppStore|ARM.Deploy.0 = Release|ARM
		{E4D73679-8E85-422B-AC76-AAC74DD21E89}.AppStore|iPhone.ActiveCfg = Release|Any CPU
		{E4D73679-8E85-422B-AC76-AAC74DD21E89}.AppStore|iPhone.Build.0 = Release|Any CPU
		{E4D73679-8E85-422B-AC76-AAC74DD21E89}.AppStore|iPhone.Deploy.0 = Release|Any CPU
		{E4D73679-8E85-422B-AC76-AAC74DD21E89}.AppStore|iPhoneSimulator.ActiveCfg = Release|Any CPU
		{E4D73679-8E85-422B-AC76-AAC74DD21E89}.AppStore|iPhoneSimulator.Build.0 = Release|Any CPU
		{E4D73679-8E85-422B-AC76-AAC74DD21E89}.AppStore|iPhoneSimulator.Deploy.0 = Release|Any CPU
		{E4D73679-8E85-422B-AC76-AAC74DD21E89}.AppStore|x64.ActiveCfg = Release|Any CPU
		{E4D73679-8E85-422B-AC76-AAC74DD21E89}.AppStore|x64.Build.0 = Release|Any CPU
		{E4D73679-8E85-422B-AC76-AAC74DD21E89}.AppStore|x64.Deploy.0 = Release|Any CPU
		{E4D73679-8E85-422B-AC76-AAC74DD21E89}.AppStore|x86.ActiveCfg = Release|x86
		{E4D73679-8E85-422B-AC76-AAC74DD21E89}.AppStore|x86.Build.0 = Release|x86
		{E4D73679-8E85-422B-AC76-AAC74DD21E89}.AppStore|x86.Deploy.0 = Release|x86
		{E4D73679-8E85-422B-AC76-AAC74DD21E89}.Debug|Any CPU.ActiveCfg = Debug|Any CPU
		{E4D73679-8E85-422B-AC76-AAC74DD21E89}.Debug|Any CPU.Build.0 = Debug|Any CPU
		{E4D73679-8E85-422B-AC76-AAC74DD21E89}.Debug|Any CPU.Deploy.0 = Debug|Any CPU
		{E4D73679-8E85-422B-AC76-AAC74DD21E89}.Debug|ARM.ActiveCfg = Debug|ARM
		{E4D73679-8E85-422B-AC76-AAC74DD21E89}.Debug|ARM.Build.0 = Debug|ARM
		{E4D73679-8E85-422B-AC76-AAC74DD21E89}.Debug|ARM.Deploy.0 = Debug|ARM
		{E4D73679-8E85-422B-AC76-AAC74DD21E89}.Debug|iPhone.ActiveCfg = Debug|Any CPU
		{E4D73679-8E85-422B-AC76-AAC74DD21E89}.Debug|iPhone.Build.0 = Debug|Any CPU
		{E4D73679-8E85-422B-AC76-AAC74DD21E89}.Debug|iPhone.Deploy.0 = Debug|Any CPU
		{E4D73679-8E85-422B-AC76-AAC74DD21E89}.Debug|iPhoneSimulator.ActiveCfg = Debug|Any CPU
		{E4D73679-8E85-422B-AC76-AAC74DD21E89}.Debug|iPhoneSimulator.Build.0 = Debug|Any CPU
		{E4D73679-8E85-422B-AC76-AAC74DD21E89}.Debug|iPhoneSimulator.Deploy.0 = Debug|Any CPU
		{E4D73679-8E85-422B-AC76-AAC74DD21E89}.Debug|x64.ActiveCfg = Debug|Any CPU
		{E4D73679-8E85-422B-AC76-AAC74DD21E89}.Debug|x64.Build.0 = Debug|Any CPU
		{E4D73679-8E85-422B-AC76-AAC74DD21E89}.Debug|x64.Deploy.0 = Debug|Any CPU
		{E4D73679-8E85-422B-AC76-AAC74DD21E89}.Debug|x86.ActiveCfg = Debug|x86
		{E4D73679-8E85-422B-AC76-AAC74DD21E89}.Debug|x86.Build.0 = Debug|x86
		{E4D73679-8E85-422B-AC76-AAC74DD21E89}.Debug|x86.Deploy.0 = Debug|x86
		{E4D73679-8E85-422B-AC76-AAC74DD21E89}.Release|Any CPU.ActiveCfg = Release|Any CPU
		{E4D73679-8E85-422B-AC76-AAC74DD21E89}.Release|Any CPU.Build.0 = Release|Any CPU
		{E4D73679-8E85-422B-AC76-AAC74DD21E89}.Release|Any CPU.Deploy.0 = Release|Any CPU
		{E4D73679-8E85-422B-AC76-AAC74DD21E89}.Release|ARM.ActiveCfg = Release|ARM
		{E4D73679-8E85-422B-AC76-AAC74DD21E89}.Release|ARM.Build.0 = Release|ARM
		{E4D73679-8E85-422B-AC76-AAC74DD21E89}.Release|ARM.Deploy.0 = Release|ARM
		{E4D73679-8E85-422B-AC76-AAC74DD21E89}.Release|iPhone.ActiveCfg = Release|Any CPU
		{E4D73679-8E85-422B-AC76-AAC74DD21E89}.Release|iPhone.Build.0 = Release|Any CPU
		{E4D73679-8E85-422B-AC76-AAC74DD21E89}.Release|iPhone.Deploy.0 = Release|Any CPU
		{E4D73679-8E85-422B-AC76-AAC74DD21E89}.Release|iPhoneSimulator.ActiveCfg = Release|Any CPU
		{E4D73679-8E85-422B-AC76-AAC74DD21E89}.Release|iPhoneSimulator.Build.0 = Release|Any CPU
		{E4D73679-8E85-422B-AC76-AAC74DD21E89}.Release|iPhoneSimulator.Deploy.0 = Release|Any CPU
		{E4D73679-8E85-422B-AC76-AAC74DD21E89}.Release|x64.ActiveCfg = Release|Any CPU
		{E4D73679-8E85-422B-AC76-AAC74DD21E89}.Release|x64.Build.0 = Release|Any CPU
		{E4D73679-8E85-422B-AC76-AAC74DD21E89}.Release|x64.Deploy.0 = Release|Any CPU
		{E4D73679-8E85-422B-AC76-AAC74DD21E89}.Release|x86.ActiveCfg = Release|x86
		{E4D73679-8E85-422B-AC76-AAC74DD21E89}.Release|x86.Build.0 = Release|x86
		{E4D73679-8E85-422B-AC76-AAC74DD21E89}.Release|x86.Deploy.0 = Release|x86
		{3AE2BCFD-2841-41F2-8ECE-707C4228F9EB}.Ad-Hoc|Any CPU.ActiveCfg = Release|x86
		{3AE2BCFD-2841-41F2-8ECE-707C4228F9EB}.Ad-Hoc|Any CPU.Build.0 = Release|x86
		{3AE2BCFD-2841-41F2-8ECE-707C4228F9EB}.Ad-Hoc|Any CPU.Deploy.0 = Release|x86
		{3AE2BCFD-2841-41F2-8ECE-707C4228F9EB}.Ad-Hoc|ARM.ActiveCfg = Release|ARM
		{3AE2BCFD-2841-41F2-8ECE-707C4228F9EB}.Ad-Hoc|ARM.Build.0 = Release|ARM
		{3AE2BCFD-2841-41F2-8ECE-707C4228F9EB}.Ad-Hoc|ARM.Deploy.0 = Release|ARM
		{3AE2BCFD-2841-41F2-8ECE-707C4228F9EB}.Ad-Hoc|iPhone.ActiveCfg = Release|x86
		{3AE2BCFD-2841-41F2-8ECE-707C4228F9EB}.Ad-Hoc|iPhone.Build.0 = Release|x86
		{3AE2BCFD-2841-41F2-8ECE-707C4228F9EB}.Ad-Hoc|iPhone.Deploy.0 = Release|x86
		{3AE2BCFD-2841-41F2-8ECE-707C4228F9EB}.Ad-Hoc|iPhoneSimulator.ActiveCfg = Release|x86
		{3AE2BCFD-2841-41F2-8ECE-707C4228F9EB}.Ad-Hoc|iPhoneSimulator.Build.0 = Release|x86
		{3AE2BCFD-2841-41F2-8ECE-707C4228F9EB}.Ad-Hoc|iPhoneSimulator.Deploy.0 = Release|x86
		{3AE2BCFD-2841-41F2-8ECE-707C4228F9EB}.Ad-Hoc|x64.ActiveCfg = Release|x64
		{3AE2BCFD-2841-41F2-8ECE-707C4228F9EB}.Ad-Hoc|x64.Build.0 = Release|x64
		{3AE2BCFD-2841-41F2-8ECE-707C4228F9EB}.Ad-Hoc|x64.Deploy.0 = Release|x64
		{3AE2BCFD-2841-41F2-8ECE-707C4228F9EB}.Ad-Hoc|x86.ActiveCfg = Release|x86
		{3AE2BCFD-2841-41F2-8ECE-707C4228F9EB}.Ad-Hoc|x86.Build.0 = Release|x86
		{3AE2BCFD-2841-41F2-8ECE-707C4228F9EB}.Ad-Hoc|x86.Deploy.0 = Release|x86
		{3AE2BCFD-2841-41F2-8ECE-707C4228F9EB}.AppStore|Any CPU.ActiveCfg = Release|x86
		{3AE2BCFD-2841-41F2-8ECE-707C4228F9EB}.AppStore|Any CPU.Build.0 = Release|x86
		{3AE2BCFD-2841-41F2-8ECE-707C4228F9EB}.AppStore|Any CPU.Deploy.0 = Release|x86
		{3AE2BCFD-2841-41F2-8ECE-707C4228F9EB}.AppStore|ARM.ActiveCfg = Release|ARM
		{3AE2BCFD-2841-41F2-8ECE-707C4228F9EB}.AppStore|ARM.Build.0 = Release|ARM
		{3AE2BCFD-2841-41F2-8ECE-707C4228F9EB}.AppStore|ARM.Deploy.0 = Release|ARM
		{3AE2BCFD-2841-41F2-8ECE-707C4228F9EB}.AppStore|iPhone.ActiveCfg = Release|x86
		{3AE2BCFD-2841-41F2-8ECE-707C4228F9EB}.AppStore|iPhone.Build.0 = Release|x86
		{3AE2BCFD-2841-41F2-8ECE-707C4228F9EB}.AppStore|iPhone.Deploy.0 = Release|x86
		{3AE2BCFD-2841-41F2-8ECE-707C4228F9EB}.AppStore|iPhoneSimulator.ActiveCfg = Release|x86
		{3AE2BCFD-2841-41F2-8ECE-707C4228F9EB}.AppStore|iPhoneSimulator.Build.0 = Release|x86
		{3AE2BCFD-2841-41F2-8ECE-707C4228F9EB}.AppStore|iPhoneSimulator.Deploy.0 = Release|x86
		{3AE2BCFD-2841-41F2-8ECE-707C4228F9EB}.AppStore|x64.ActiveCfg = Release|x64
		{3AE2BCFD-2841-41F2-8ECE-707C4228F9EB}.AppStore|x64.Build.0 = Release|x64
		{3AE2BCFD-2841-41F2-8ECE-707C4228F9EB}.AppStore|x64.Deploy.0 = Release|x64
		{3AE2BCFD-2841-41F2-8ECE-707C4228F9EB}.AppStore|x86.ActiveCfg = Release|x86
		{3AE2BCFD-2841-41F2-8ECE-707C4228F9EB}.AppStore|x86.Build.0 = Release|x86
		{3AE2BCFD-2841-41F2-8ECE-707C4228F9EB}.AppStore|x86.Deploy.0 = Release|x86
		{3AE2BCFD-2841-41F2-8ECE-707C4228F9EB}.Debug|Any CPU.ActiveCfg = Debug|x86
		{3AE2BCFD-2841-41F2-8ECE-707C4228F9EB}.Debug|ARM.ActiveCfg = Debug|ARM
		{3AE2BCFD-2841-41F2-8ECE-707C4228F9EB}.Debug|ARM.Build.0 = Debug|ARM
		{3AE2BCFD-2841-41F2-8ECE-707C4228F9EB}.Debug|ARM.Deploy.0 = Debug|ARM
		{3AE2BCFD-2841-41F2-8ECE-707C4228F9EB}.Debug|iPhone.ActiveCfg = Debug|x86
		{3AE2BCFD-2841-41F2-8ECE-707C4228F9EB}.Debug|iPhoneSimulator.ActiveCfg = Debug|x86
		{3AE2BCFD-2841-41F2-8ECE-707C4228F9EB}.Debug|x64.ActiveCfg = Debug|x64
		{3AE2BCFD-2841-41F2-8ECE-707C4228F9EB}.Debug|x64.Build.0 = Debug|x64
		{3AE2BCFD-2841-41F2-8ECE-707C4228F9EB}.Debug|x64.Deploy.0 = Debug|x64
		{3AE2BCFD-2841-41F2-8ECE-707C4228F9EB}.Debug|x86.ActiveCfg = Debug|x86
		{3AE2BCFD-2841-41F2-8ECE-707C4228F9EB}.Debug|x86.Build.0 = Debug|x86
		{3AE2BCFD-2841-41F2-8ECE-707C4228F9EB}.Debug|x86.Deploy.0 = Debug|x86
		{3AE2BCFD-2841-41F2-8ECE-707C4228F9EB}.Release|Any CPU.ActiveCfg = Release|x86
		{3AE2BCFD-2841-41F2-8ECE-707C4228F9EB}.Release|ARM.ActiveCfg = Release|ARM
		{3AE2BCFD-2841-41F2-8ECE-707C4228F9EB}.Release|ARM.Build.0 = Release|ARM
		{3AE2BCFD-2841-41F2-8ECE-707C4228F9EB}.Release|ARM.Deploy.0 = Release|ARM
		{3AE2BCFD-2841-41F2-8ECE-707C4228F9EB}.Release|iPhone.ActiveCfg = Release|x86
		{3AE2BCFD-2841-41F2-8ECE-707C4228F9EB}.Release|iPhoneSimulator.ActiveCfg = Release|x86
		{3AE2BCFD-2841-41F2-8ECE-707C4228F9EB}.Release|x64.ActiveCfg = Release|x64
		{3AE2BCFD-2841-41F2-8ECE-707C4228F9EB}.Release|x64.Build.0 = Release|x64
		{3AE2BCFD-2841-41F2-8ECE-707C4228F9EB}.Release|x64.Deploy.0 = Release|x64
		{3AE2BCFD-2841-41F2-8ECE-707C4228F9EB}.Release|x86.ActiveCfg = Release|x86
		{3AE2BCFD-2841-41F2-8ECE-707C4228F9EB}.Release|x86.Build.0 = Release|x86
		{3AE2BCFD-2841-41F2-8ECE-707C4228F9EB}.Release|x86.Deploy.0 = Release|x86
		{3D719B68-EB67-468F-9E37-3586469AB96F}.Ad-Hoc|Any CPU.ActiveCfg = Release|Any CPU
		{3D719B68-EB67-468F-9E37-3586469AB96F}.Ad-Hoc|Any CPU.Build.0 = Release|Any CPU
		{3D719B68-EB67-468F-9E37-3586469AB96F}.Ad-Hoc|Any CPU.Deploy.0 = Release|Any CPU
		{3D719B68-EB67-468F-9E37-3586469AB96F}.Ad-Hoc|ARM.ActiveCfg = Release|ARM
		{3D719B68-EB67-468F-9E37-3586469AB96F}.Ad-Hoc|ARM.Build.0 = Release|ARM
		{3D719B68-EB67-468F-9E37-3586469AB96F}.Ad-Hoc|ARM.Deploy.0 = Release|ARM
		{3D719B68-EB67-468F-9E37-3586469AB96F}.Ad-Hoc|iPhone.ActiveCfg = Release|Any CPU
		{3D719B68-EB67-468F-9E37-3586469AB96F}.Ad-Hoc|iPhone.Build.0 = Release|Any CPU
		{3D719B68-EB67-468F-9E37-3586469AB96F}.Ad-Hoc|iPhone.Deploy.0 = Release|Any CPU
		{3D719B68-EB67-468F-9E37-3586469AB96F}.Ad-Hoc|iPhoneSimulator.ActiveCfg = Release|Any CPU
		{3D719B68-EB67-468F-9E37-3586469AB96F}.Ad-Hoc|iPhoneSimulator.Build.0 = Release|Any CPU
		{3D719B68-EB67-468F-9E37-3586469AB96F}.Ad-Hoc|iPhoneSimulator.Deploy.0 = Release|Any CPU
		{3D719B68-EB67-468F-9E37-3586469AB96F}.Ad-Hoc|x64.ActiveCfg = Release|x64
		{3D719B68-EB67-468F-9E37-3586469AB96F}.Ad-Hoc|x64.Build.0 = Release|x64
		{3D719B68-EB67-468F-9E37-3586469AB96F}.Ad-Hoc|x64.Deploy.0 = Release|x64
		{3D719B68-EB67-468F-9E37-3586469AB96F}.Ad-Hoc|x86.ActiveCfg = Release|x86
		{3D719B68-EB67-468F-9E37-3586469AB96F}.Ad-Hoc|x86.Build.0 = Release|x86
		{3D719B68-EB67-468F-9E37-3586469AB96F}.Ad-Hoc|x86.Deploy.0 = Release|x86
		{3D719B68-EB67-468F-9E37-3586469AB96F}.AppStore|Any CPU.ActiveCfg = Release|Any CPU
		{3D719B68-EB67-468F-9E37-3586469AB96F}.AppStore|Any CPU.Build.0 = Release|Any CPU
		{3D719B68-EB67-468F-9E37-3586469AB96F}.AppStore|Any CPU.Deploy.0 = Release|Any CPU
		{3D719B68-EB67-468F-9E37-3586469AB96F}.AppStore|ARM.ActiveCfg = Release|ARM
		{3D719B68-EB67-468F-9E37-3586469AB96F}.AppStore|ARM.Build.0 = Release|ARM
		{3D719B68-EB67-468F-9E37-3586469AB96F}.AppStore|ARM.Deploy.0 = Release|ARM
		{3D719B68-EB67-468F-9E37-3586469AB96F}.AppStore|iPhone.ActiveCfg = Release|Any CPU
		{3D719B68-EB67-468F-9E37-3586469AB96F}.AppStore|iPhone.Build.0 = Release|Any CPU
		{3D719B68-EB67-468F-9E37-3586469AB96F}.AppStore|iPhone.Deploy.0 = Release|Any CPU
		{3D719B68-EB67-468F-9E37-3586469AB96F}.AppStore|iPhoneSimulator.ActiveCfg = Release|Any CPU
		{3D719B68-EB67-468F-9E37-3586469AB96F}.AppStore|iPhoneSimulator.Build.0 = Release|Any CPU
		{3D719B68-EB67-468F-9E37-3586469AB96F}.AppStore|iPhoneSimulator.Deploy.0 = Release|Any CPU
		{3D719B68-EB67-468F-9E37-3586469AB96F}.AppStore|x64.ActiveCfg = Release|x64
		{3D719B68-EB67-468F-9E37-3586469AB96F}.AppStore|x64.Build.0 = Release|x64
		{3D719B68-EB67-468F-9E37-3586469AB96F}.AppStore|x64.Deploy.0 = Release|x64
		{3D719B68-EB67-468F-9E37-3586469AB96F}.AppStore|x86.ActiveCfg = Release|x86
		{3D719B68-EB67-468F-9E37-3586469AB96F}.AppStore|x86.Build.0 = Release|x86
		{3D719B68-EB67-468F-9E37-3586469AB96F}.AppStore|x86.Deploy.0 = Release|x86
		{3D719B68-EB67-468F-9E37-3586469AB96F}.Debug|Any CPU.ActiveCfg = Debug|Any CPU
		{3D719B68-EB67-468F-9E37-3586469AB96F}.Debug|Any CPU.Build.0 = Debug|Any CPU
		{3D719B68-EB67-468F-9E37-3586469AB96F}.Debug|Any CPU.Deploy.0 = Debug|Any CPU
		{3D719B68-EB67-468F-9E37-3586469AB96F}.Debug|ARM.ActiveCfg = Debug|ARM
		{3D719B68-EB67-468F-9E37-3586469AB96F}.Debug|ARM.Build.0 = Debug|ARM
		{3D719B68-EB67-468F-9E37-3586469AB96F}.Debug|ARM.Deploy.0 = Debug|ARM
		{3D719B68-EB67-468F-9E37-3586469AB96F}.Debug|iPhone.ActiveCfg = Debug|Any CPU
		{3D719B68-EB67-468F-9E37-3586469AB96F}.Debug|iPhone.Build.0 = Debug|Any CPU
		{3D719B68-EB67-468F-9E37-3586469AB96F}.Debug|iPhone.Deploy.0 = Debug|Any CPU
		{3D719B68-EB67-468F-9E37-3586469AB96F}.Debug|iPhoneSimulator.ActiveCfg = Debug|Any CPU
		{3D719B68-EB67-468F-9E37-3586469AB96F}.Debug|iPhoneSimulator.Build.0 = Debug|Any CPU
		{3D719B68-EB67-468F-9E37-3586469AB96F}.Debug|iPhoneSimulator.Deploy.0 = Debug|Any CPU
		{3D719B68-EB67-468F-9E37-3586469AB96F}.Debug|x64.ActiveCfg = Debug|x64
		{3D719B68-EB67-468F-9E37-3586469AB96F}.Debug|x64.Build.0 = Debug|x64
		{3D719B68-EB67-468F-9E37-3586469AB96F}.Debug|x64.Deploy.0 = Debug|x64
		{3D719B68-EB67-468F-9E37-3586469AB96F}.Debug|x86.ActiveCfg = Debug|x86
		{3D719B68-EB67-468F-9E37-3586469AB96F}.Debug|x86.Build.0 = Debug|x86
		{3D719B68-EB67-468F-9E37-3586469AB96F}.Debug|x86.Deploy.0 = Debug|x86
		{3D719B68-EB67-468F-9E37-3586469AB96F}.Release|Any CPU.ActiveCfg = Release|Any CPU
		{3D719B68-EB67-468F-9E37-3586469AB96F}.Release|Any CPU.Build.0 = Release|Any CPU
		{3D719B68-EB67-468F-9E37-3586469AB96F}.Release|Any CPU.Deploy.0 = Release|Any CPU
		{3D719B68-EB67-468F-9E37-3586469AB96F}.Release|ARM.ActiveCfg = Release|ARM
		{3D719B68-EB67-468F-9E37-3586469AB96F}.Release|ARM.Build.0 = Release|ARM
		{3D719B68-EB67-468F-9E37-3586469AB96F}.Release|ARM.Deploy.0 = Release|ARM
		{3D719B68-EB67-468F-9E37-3586469AB96F}.Release|iPhone.ActiveCfg = Release|Any CPU
		{3D719B68-EB67-468F-9E37-3586469AB96F}.Release|iPhone.Build.0 = Release|Any CPU
		{3D719B68-EB67-468F-9E37-3586469AB96F}.Release|iPhone.Deploy.0 = Release|Any CPU
		{3D719B68-EB67-468F-9E37-3586469AB96F}.Release|iPhoneSimulator.ActiveCfg = Release|Any CPU
		{3D719B68-EB67-468F-9E37-3586469AB96F}.Release|iPhoneSimulator.Build.0 = Release|Any CPU
		{3D719B68-EB67-468F-9E37-3586469AB96F}.Release|iPhoneSimulator.Deploy.0 = Release|Any CPU
		{3D719B68-EB67-468F-9E37-3586469AB96F}.Release|x64.ActiveCfg = Release|x64
		{3D719B68-EB67-468F-9E37-3586469AB96F}.Release|x64.Build.0 = Release|x64
		{3D719B68-EB67-468F-9E37-3586469AB96F}.Release|x64.Deploy.0 = Release|x64
		{3D719B68-EB67-468F-9E37-3586469AB96F}.Release|x86.ActiveCfg = Release|x86
		{3D719B68-EB67-468F-9E37-3586469AB96F}.Release|x86.Build.0 = Release|x86
		{3D719B68-EB67-468F-9E37-3586469AB96F}.Release|x86.Deploy.0 = Release|x86
		{F751D9CD-326D-44BC-A0D4-FB0D9F76A2D4}.Ad-Hoc|Any CPU.ActiveCfg = Release|Any CPU
		{F751D9CD-326D-44BC-A0D4-FB0D9F76A2D4}.Ad-Hoc|Any CPU.Build.0 = Release|Any CPU
		{F751D9CD-326D-44BC-A0D4-FB0D9F76A2D4}.Ad-Hoc|ARM.ActiveCfg = Release|Any CPU
		{F751D9CD-326D-44BC-A0D4-FB0D9F76A2D4}.Ad-Hoc|ARM.Build.0 = Release|Any CPU
		{F751D9CD-326D-44BC-A0D4-FB0D9F76A2D4}.Ad-Hoc|iPhone.ActiveCfg = Release|Any CPU
		{F751D9CD-326D-44BC-A0D4-FB0D9F76A2D4}.Ad-Hoc|iPhone.Build.0 = Release|Any CPU
		{F751D9CD-326D-44BC-A0D4-FB0D9F76A2D4}.Ad-Hoc|iPhoneSimulator.ActiveCfg = Release|Any CPU
		{F751D9CD-326D-44BC-A0D4-FB0D9F76A2D4}.Ad-Hoc|iPhoneSimulator.Build.0 = Release|Any CPU
		{F751D9CD-326D-44BC-A0D4-FB0D9F76A2D4}.Ad-Hoc|x64.ActiveCfg = Release|Any CPU
		{F751D9CD-326D-44BC-A0D4-FB0D9F76A2D4}.Ad-Hoc|x64.Build.0 = Release|Any CPU
		{F751D9CD-326D-44BC-A0D4-FB0D9F76A2D4}.Ad-Hoc|x86.ActiveCfg = Release|Any CPU
		{F751D9CD-326D-44BC-A0D4-FB0D9F76A2D4}.Ad-Hoc|x86.Build.0 = Release|Any CPU
		{F751D9CD-326D-44BC-A0D4-FB0D9F76A2D4}.AppStore|Any CPU.ActiveCfg = Release|Any CPU
		{F751D9CD-326D-44BC-A0D4-FB0D9F76A2D4}.AppStore|Any CPU.Build.0 = Release|Any CPU
		{F751D9CD-326D-44BC-A0D4-FB0D9F76A2D4}.AppStore|ARM.ActiveCfg = Release|Any CPU
		{F751D9CD-326D-44BC-A0D4-FB0D9F76A2D4}.AppStore|ARM.Build.0 = Release|Any CPU
		{F751D9CD-326D-44BC-A0D4-FB0D9F76A2D4}.AppStore|iPhone.ActiveCfg = Release|Any CPU
		{F751D9CD-326D-44BC-A0D4-FB0D9F76A2D4}.AppStore|iPhone.Build.0 = Release|Any CPU
		{F751D9CD-326D-44BC-A0D4-FB0D9F76A2D4}.AppStore|iPhoneSimulator.ActiveCfg = Release|Any CPU
		{F751D9CD-326D-44BC-A0D4-FB0D9F76A2D4}.AppStore|iPhoneSimulator.Build.0 = Release|Any CPU
		{F751D9CD-326D-44BC-A0D4-FB0D9F76A2D4}.AppStore|x64.ActiveCfg = Release|Any CPU
		{F751D9CD-326D-44BC-A0D4-FB0D9F76A2D4}.AppStore|x64.Build.0 = Release|Any CPU
		{F751D9CD-326D-44BC-A0D4-FB0D9F76A2D4}.AppStore|x86.ActiveCfg = Release|Any CPU
		{F751D9CD-326D-44BC-A0D4-FB0D9F76A2D4}.AppStore|x86.Build.0 = Release|Any CPU
		{F751D9CD-326D-44BC-A0D4-FB0D9F76A2D4}.Debug|Any CPU.ActiveCfg = Debug|Any CPU
		{F751D9CD-326D-44BC-A0D4-FB0D9F76A2D4}.Debug|Any CPU.Build.0 = Debug|Any CPU
		{F751D9CD-326D-44BC-A0D4-FB0D9F76A2D4}.Debug|ARM.ActiveCfg = Debug|Any CPU
		{F751D9CD-326D-44BC-A0D4-FB0D9F76A2D4}.Debug|ARM.Build.0 = Debug|Any CPU
		{F751D9CD-326D-44BC-A0D4-FB0D9F76A2D4}.Debug|iPhone.ActiveCfg = Debug|Any CPU
		{F751D9CD-326D-44BC-A0D4-FB0D9F76A2D4}.Debug|iPhone.Build.0 = Debug|Any CPU
		{F751D9CD-326D-44BC-A0D4-FB0D9F76A2D4}.Debug|iPhoneSimulator.ActiveCfg = Debug|Any CPU
		{F751D9CD-326D-44BC-A0D4-FB0D9F76A2D4}.Debug|iPhoneSimulator.Build.0 = Debug|Any CPU
		{F751D9CD-326D-44BC-A0D4-FB0D9F76A2D4}.Debug|x64.ActiveCfg = Debug|Any CPU
		{F751D9CD-326D-44BC-A0D4-FB0D9F76A2D4}.Debug|x64.Build.0 = Debug|Any CPU
		{F751D9CD-326D-44BC-A0D4-FB0D9F76A2D4}.Debug|x86.ActiveCfg = Debug|Any CPU
		{F751D9CD-326D-44BC-A0D4-FB0D9F76A2D4}.Debug|x86.Build.0 = Debug|Any CPU
		{F751D9CD-326D-44BC-A0D4-FB0D9F76A2D4}.Release|Any CPU.ActiveCfg = Release|Any CPU
		{F751D9CD-326D-44BC-A0D4-FB0D9F76A2D4}.Release|Any CPU.Build.0 = Release|Any CPU
		{F751D9CD-326D-44BC-A0D4-FB0D9F76A2D4}.Release|ARM.ActiveCfg = Release|Any CPU
		{F751D9CD-326D-44BC-A0D4-FB0D9F76A2D4}.Release|ARM.Build.0 = Release|Any CPU
		{F751D9CD-326D-44BC-A0D4-FB0D9F76A2D4}.Release|iPhone.ActiveCfg = Release|Any CPU
		{F751D9CD-326D-44BC-A0D4-FB0D9F76A2D4}.Release|iPhone.Build.0 = Release|Any CPU
		{F751D9CD-326D-44BC-A0D4-FB0D9F76A2D4}.Release|iPhoneSimulator.ActiveCfg = Release|Any CPU
		{F751D9CD-326D-44BC-A0D4-FB0D9F76A2D4}.Release|iPhoneSimulator.Build.0 = Release|Any CPU
		{F751D9CD-326D-44BC-A0D4-FB0D9F76A2D4}.Release|x64.ActiveCfg = Release|Any CPU
		{F751D9CD-326D-44BC-A0D4-FB0D9F76A2D4}.Release|x64.Build.0 = Release|Any CPU
		{F751D9CD-326D-44BC-A0D4-FB0D9F76A2D4}.Release|x86.ActiveCfg = Release|Any CPU
		{F751D9CD-326D-44BC-A0D4-FB0D9F76A2D4}.Release|x86.Build.0 = Release|Any CPU
	EndGlobalSection
	GlobalSection(SolutionProperties) = preSolution
		HideSolutionNode = FALSE
	EndGlobalSection
EndGlobal
